// !$*UTF8*$!
{
	archiveVersion = 1;
	classes = {
	};
	objectVersion = 55;
	objects = {

/* Begin PBXBuildFile section */
		6A613156280203F10048737B /* AppDelegate.swift in Sources */ = {isa = PBXBuildFile; fileRef = 6A613155280203F10048737B /* AppDelegate.swift */; };
		6A613158280203F10048737B /* SceneDelegate.swift in Sources */ = {isa = PBXBuildFile; fileRef = 6A613157280203F10048737B /* SceneDelegate.swift */; };
		6A61315F280203F50048737B /* Assets.xcassets in Resources */ = {isa = PBXBuildFile; fileRef = 6A61315E280203F50048737B /* Assets.xcassets */; };
		6A613162280203F50048737B /* LaunchScreen.storyboard in Resources */ = {isa = PBXBuildFile; fileRef = 6A613160280203F50048737B /* LaunchScreen.storyboard */; };
		6A8B888628255423008A285D /* StoriesTVC.swift in Sources */ = {isa = PBXBuildFile; fileRef = 6A8B888428255423008A285D /* StoriesTVC.swift */; };
		6A8B888728255423008A285D /* StoriesTVC.xib in Resources */ = {isa = PBXBuildFile; fileRef = 6A8B888528255423008A285D /* StoriesTVC.xib */; };
		6A8B888A28255438008A285D /* StoryCVC.swift in Sources */ = {isa = PBXBuildFile; fileRef = 6A8B888828255438008A285D /* StoryCVC.swift */; };
		6A8B888B28255438008A285D /* StoryCVC.xib in Resources */ = {isa = PBXBuildFile; fileRef = 6A8B888928255438008A285D /* StoryCVC.xib */; };
		6A8B888E2825544C008A285D /* FeedTVC.swift in Sources */ = {isa = PBXBuildFile; fileRef = 6A8B888C2825544C008A285D /* FeedTVC.swift */; };
		6A8B888F2825544C008A285D /* FeedTVC.xib in Resources */ = {isa = PBXBuildFile; fileRef = 6A8B888D2825544C008A285D /* FeedTVC.xib */; };
		6A8B889328255680008A285D /* StoryDataModel.swift in Sources */ = {isa = PBXBuildFile; fileRef = 6A8B889228255680008A285D /* StoryDataModel.swift */; };
		6A8B88952825568D008A285D /* FeedDataModel.swift in Sources */ = {isa = PBXBuildFile; fileRef = 6A8B88942825568D008A285D /* FeedDataModel.swift */; };
		6A8E53DD280318980065DF93 /* RegisterPasswordViewController.swift in Sources */ = {isa = PBXBuildFile; fileRef = 6A8E53DC280318980065DF93 /* RegisterPasswordViewController.swift */; };
		6A91FA232812CC7600899FDE /* UIColor++.swift in Sources */ = {isa = PBXBuildFile; fileRef = 6A91FA222812CC7500899FDE /* UIColor++.swift */; };
		6A91FA262812EA6300899FDE /* TabBar.storyboard in Resources */ = {isa = PBXBuildFile; fileRef = 6A91FA252812EA6300899FDE /* TabBar.storyboard */; };
		6A91FA292812EAB600899FDE /* TabBarController.swift in Sources */ = {isa = PBXBuildFile; fileRef = 6A91FA282812EAB600899FDE /* TabBarController.swift */; };
		6AA446372812ED5C00ED9924 /* ProfileViewController.swift in Sources */ = {isa = PBXBuildFile; fileRef = 6AA446362812ED5C00ED9924 /* ProfileViewController.swift */; };
		6AA446392812ED6A00ED9924 /* ShopViewController.swift in Sources */ = {isa = PBXBuildFile; fileRef = 6AA446382812ED6A00ED9924 /* ShopViewController.swift */; };
		6AA4463B2812ED7500ED9924 /* ReelsViewController.swift in Sources */ = {isa = PBXBuildFile; fileRef = 6AA4463A2812ED7500ED9924 /* ReelsViewController.swift */; };
		6AA4463E2812ED8A00ED9924 /* SearchViewController.swift in Sources */ = {isa = PBXBuildFile; fileRef = 6AA4463D2812ED8A00ED9924 /* SearchViewController.swift */; };
		6AA446402812ED9600ED9924 /* HomeViewController.swift in Sources */ = {isa = PBXBuildFile; fileRef = 6AA4463F2812ED9600ED9924 /* HomeViewController.swift */; };
		6AA446472812EDD300ED9924 /* Home.storyboard in Resources */ = {isa = PBXBuildFile; fileRef = 6AA446462812EDD300ED9924 /* Home.storyboard */; };
		6AA4464A2812EDE700ED9924 /* Search.storyboard in Resources */ = {isa = PBXBuildFile; fileRef = 6AA446492812EDE700ED9924 /* Search.storyboard */; };
		6AA4464C2812EDF200ED9924 /* Reels.storyboard in Resources */ = {isa = PBXBuildFile; fileRef = 6AA4464B2812EDF200ED9924 /* Reels.storyboard */; };
		6AA4464E2812EDFC00ED9924 /* Shop.storyboard in Resources */ = {isa = PBXBuildFile; fileRef = 6AA4464D2812EDFC00ED9924 /* Shop.storyboard */; };
		6AA446502812EE0700ED9924 /* Profile.storyboard in Resources */ = {isa = PBXBuildFile; fileRef = 6AA4464F2812EE0700ED9924 /* Profile.storyboard */; };
		6AA46113280304F600C3DE9D /* NavigationBarView.swift in Sources */ = {isa = PBXBuildFile; fileRef = 6AA46112280304F600C3DE9D /* NavigationBarView.swift */; };
		6AA461152803077C00C3DE9D /* RegisterName.storyboard in Resources */ = {isa = PBXBuildFile; fileRef = 6AA461142803077C00C3DE9D /* RegisterName.storyboard */; };
		6AA461172803079600C3DE9D /* RegisterNameViewController.swift in Sources */ = {isa = PBXBuildFile; fileRef = 6AA461162803079600C3DE9D /* RegisterNameViewController.swift */; };
		6AB6A57C28031D86001BD758 /* Welcome.storyboard in Resources */ = {isa = PBXBuildFile; fileRef = 6AB6A57B28031D86001BD758 /* Welcome.storyboard */; };
		6AB6A57E28031D96001BD758 /* WelcomeViewController.swift in Sources */ = {isa = PBXBuildFile; fileRef = 6AB6A57D28031D96001BD758 /* WelcomeViewController.swift */; };
		6AB6A58028031F62001BD758 /* RegisterPassword.storyboard in Resources */ = {isa = PBXBuildFile; fileRef = 6AB6A57F28031F62001BD758 /* RegisterPassword.storyboard */; };
		6ABB8272280279CE00A8BED6 /* UIView++.swift in Sources */ = {isa = PBXBuildFile; fileRef = 6ABB8271280279CE00A8BED6 /* UIView++.swift */; };
		6ABB827428027A2500A8BED6 /* UITextField++.swift in Sources */ = {isa = PBXBuildFile; fileRef = 6ABB827328027A2500A8BED6 /* UITextField++.swift */; };
		6ABB827828027C0F00A8BED6 /* UIScreen++.swift in Sources */ = {isa = PBXBuildFile; fileRef = 6ABB827728027C0F00A8BED6 /* UIScreen++.swift */; };
		6ABB827A28027F8D00A8BED6 /* Login.storyboard in Resources */ = {isa = PBXBuildFile; fileRef = 6ABB827928027F8D00A8BED6 /* Login.storyboard */; };
		6ABB827C28027FA900A8BED6 /* LoginViewController.swift in Sources */ = {isa = PBXBuildFile; fileRef = 6ABB827B28027FA900A8BED6 /* LoginViewController.swift */; };
		6ABB827F2802895A00A8BED6 /* AuthTextField.swift in Sources */ = {isa = PBXBuildFile; fileRef = 6ABB827E2802895A00A8BED6 /* AuthTextField.swift */; };
		6ABB828128028F8A00A8BED6 /* AuthButton.swift in Sources */ = {isa = PBXBuildFile; fileRef = 6ABB828028028F8A00A8BED6 /* AuthButton.swift */; };
		6AF9CC1E282542D100F30F02 /* HeaderBarView.swift in Sources */ = {isa = PBXBuildFile; fileRef = 6AF9CC1D282542D100F30F02 /* HeaderBarView.swift */; };
		7EA84F1ED0E70598DFBD2661 /* Pods_Instagram_Clone.framework in Frameworks */ = {isa = PBXBuildFile; fileRef = AD29CC412A28BF4BEC7EBCBC /* Pods_Instagram_Clone.framework */; };
/* End PBXBuildFile section */

/* Begin PBXFileReference section */
		2540CEFF419B7D5050984CEC /* Pods-Instagram-Clone.debug.xcconfig */ = {isa = PBXFileReference; includeInIndex = 1; lastKnownFileType = text.xcconfig; name = "Pods-Instagram-Clone.debug.xcconfig"; path = "Target Support Files/Pods-Instagram-Clone/Pods-Instagram-Clone.debug.xcconfig"; sourceTree = "<group>"; };
		6A613152280203F10048737B /* Instagram-Clone.app */ = {isa = PBXFileReference; explicitFileType = wrapper.application; includeInIndex = 0; path = "Instagram-Clone.app"; sourceTree = BUILT_PRODUCTS_DIR; };
		6A613155280203F10048737B /* AppDelegate.swift */ = {isa = PBXFileReference; lastKnownFileType = sourcecode.swift; path = AppDelegate.swift; sourceTree = "<group>"; };
		6A613157280203F10048737B /* SceneDelegate.swift */ = {isa = PBXFileReference; lastKnownFileType = sourcecode.swift; path = SceneDelegate.swift; sourceTree = "<group>"; };
		6A61315E280203F50048737B /* Assets.xcassets */ = {isa = PBXFileReference; lastKnownFileType = folder.assetcatalog; path = Assets.xcassets; sourceTree = "<group>"; };
		6A613161280203F50048737B /* Base */ = {isa = PBXFileReference; lastKnownFileType = file.storyboard; name = Base; path = Base.lproj/LaunchScreen.storyboard; sourceTree = "<group>"; };
		6A613163280203F50048737B /* Info.plist */ = {isa = PBXFileReference; lastKnownFileType = text.plist.xml; path = Info.plist; sourceTree = "<group>"; };
		6A8B888428255423008A285D /* StoriesTVC.swift */ = {isa = PBXFileReference; lastKnownFileType = sourcecode.swift; path = StoriesTVC.swift; sourceTree = "<group>"; };
		6A8B888528255423008A285D /* StoriesTVC.xib */ = {isa = PBXFileReference; lastKnownFileType = file.xib; path = StoriesTVC.xib; sourceTree = "<group>"; };
		6A8B888828255438008A285D /* StoryCVC.swift */ = {isa = PBXFileReference; lastKnownFileType = sourcecode.swift; path = StoryCVC.swift; sourceTree = "<group>"; };
		6A8B888928255438008A285D /* StoryCVC.xib */ = {isa = PBXFileReference; lastKnownFileType = file.xib; path = StoryCVC.xib; sourceTree = "<group>"; };
		6A8B888C2825544C008A285D /* FeedTVC.swift */ = {isa = PBXFileReference; lastKnownFileType = sourcecode.swift; path = FeedTVC.swift; sourceTree = "<group>"; };
		6A8B888D2825544C008A285D /* FeedTVC.xib */ = {isa = PBXFileReference; lastKnownFileType = file.xib; path = FeedTVC.xib; sourceTree = "<group>"; };
		6A8B889228255680008A285D /* StoryDataModel.swift */ = {isa = PBXFileReference; lastKnownFileType = sourcecode.swift; path = StoryDataModel.swift; sourceTree = "<group>"; };
		6A8B88942825568D008A285D /* FeedDataModel.swift */ = {isa = PBXFileReference; lastKnownFileType = sourcecode.swift; path = FeedDataModel.swift; sourceTree = "<group>"; };
		6A8E53DC280318980065DF93 /* RegisterPasswordViewController.swift */ = {isa = PBXFileReference; lastKnownFileType = sourcecode.swift; path = RegisterPasswordViewController.swift; sourceTree = "<group>"; };
		6A91FA222812CC7500899FDE /* UIColor++.swift */ = {isa = PBXFileReference; lastKnownFileType = sourcecode.swift; path = "UIColor++.swift"; sourceTree = "<group>"; };
		6A91FA252812EA6300899FDE /* TabBar.storyboard */ = {isa = PBXFileReference; lastKnownFileType = file.storyboard; path = TabBar.storyboard; sourceTree = "<group>"; };
		6A91FA282812EAB600899FDE /* TabBarController.swift */ = {isa = PBXFileReference; lastKnownFileType = sourcecode.swift; path = TabBarController.swift; sourceTree = "<group>"; };
		6AA446362812ED5C00ED9924 /* ProfileViewController.swift */ = {isa = PBXFileReference; lastKnownFileType = sourcecode.swift; path = ProfileViewController.swift; sourceTree = "<group>"; };
		6AA446382812ED6A00ED9924 /* ShopViewController.swift */ = {isa = PBXFileReference; lastKnownFileType = sourcecode.swift; path = ShopViewController.swift; sourceTree = "<group>"; };
		6AA4463A2812ED7500ED9924 /* ReelsViewController.swift */ = {isa = PBXFileReference; lastKnownFileType = sourcecode.swift; path = ReelsViewController.swift; sourceTree = "<group>"; };
		6AA4463D2812ED8A00ED9924 /* SearchViewController.swift */ = {isa = PBXFileReference; lastKnownFileType = sourcecode.swift; path = SearchViewController.swift; sourceTree = "<group>"; };
		6AA4463F2812ED9600ED9924 /* HomeViewController.swift */ = {isa = PBXFileReference; lastKnownFileType = sourcecode.swift; path = HomeViewController.swift; sourceTree = "<group>"; };
		6AA446462812EDD300ED9924 /* Home.storyboard */ = {isa = PBXFileReference; lastKnownFileType = file.storyboard; path = Home.storyboard; sourceTree = "<group>"; };
		6AA446492812EDE700ED9924 /* Search.storyboard */ = {isa = PBXFileReference; lastKnownFileType = file.storyboard; path = Search.storyboard; sourceTree = "<group>"; };
		6AA4464B2812EDF200ED9924 /* Reels.storyboard */ = {isa = PBXFileReference; lastKnownFileType = file.storyboard; path = Reels.storyboard; sourceTree = "<group>"; };
		6AA4464D2812EDFC00ED9924 /* Shop.storyboard */ = {isa = PBXFileReference; lastKnownFileType = file.storyboard; path = Shop.storyboard; sourceTree = "<group>"; };
		6AA4464F2812EE0700ED9924 /* Profile.storyboard */ = {isa = PBXFileReference; lastKnownFileType = file.storyboard; path = Profile.storyboard; sourceTree = "<group>"; };
		6AA46112280304F600C3DE9D /* NavigationBarView.swift */ = {isa = PBXFileReference; lastKnownFileType = sourcecode.swift; path = NavigationBarView.swift; sourceTree = "<group>"; };
		6AA461142803077C00C3DE9D /* RegisterName.storyboard */ = {isa = PBXFileReference; lastKnownFileType = file.storyboard; path = RegisterName.storyboard; sourceTree = "<group>"; };
		6AA461162803079600C3DE9D /* RegisterNameViewController.swift */ = {isa = PBXFileReference; lastKnownFileType = sourcecode.swift; path = RegisterNameViewController.swift; sourceTree = "<group>"; };
		6AB6A57B28031D86001BD758 /* Welcome.storyboard */ = {isa = PBXFileReference; lastKnownFileType = file.storyboard; path = Welcome.storyboard; sourceTree = "<group>"; };
		6AB6A57D28031D96001BD758 /* WelcomeViewController.swift */ = {isa = PBXFileReference; lastKnownFileType = sourcecode.swift; path = WelcomeViewController.swift; sourceTree = "<group>"; };
		6AB6A57F28031F62001BD758 /* RegisterPassword.storyboard */ = {isa = PBXFileReference; lastKnownFileType = file.storyboard; path = RegisterPassword.storyboard; sourceTree = "<group>"; };
		6ABB8271280279CE00A8BED6 /* UIView++.swift */ = {isa = PBXFileReference; lastKnownFileType = sourcecode.swift; path = "UIView++.swift"; sourceTree = "<group>"; };
		6ABB827328027A2500A8BED6 /* UITextField++.swift */ = {isa = PBXFileReference; lastKnownFileType = sourcecode.swift; path = "UITextField++.swift"; sourceTree = "<group>"; };
		6ABB827728027C0F00A8BED6 /* UIScreen++.swift */ = {isa = PBXFileReference; lastKnownFileType = sourcecode.swift; path = "UIScreen++.swift"; sourceTree = "<group>"; };
		6ABB827928027F8D00A8BED6 /* Login.storyboard */ = {isa = PBXFileReference; lastKnownFileType = file.storyboard; path = Login.storyboard; sourceTree = "<group>"; };
		6ABB827B28027FA900A8BED6 /* LoginViewController.swift */ = {isa = PBXFileReference; lastKnownFileType = sourcecode.swift; path = LoginViewController.swift; sourceTree = "<group>"; };
		6ABB827E2802895A00A8BED6 /* AuthTextField.swift */ = {isa = PBXFileReference; lastKnownFileType = sourcecode.swift; path = AuthTextField.swift; sourceTree = "<group>"; };
		6ABB828028028F8A00A8BED6 /* AuthButton.swift */ = {isa = PBXFileReference; lastKnownFileType = sourcecode.swift; path = AuthButton.swift; sourceTree = "<group>"; };
		6AF9CC1D282542D100F30F02 /* HeaderBarView.swift */ = {isa = PBXFileReference; lastKnownFileType = sourcecode.swift; path = HeaderBarView.swift; sourceTree = "<group>"; };
		936350992BED07CE91C487AF /* Pods-Instagram-Clone.release.xcconfig */ = {isa = PBXFileReference; includeInIndex = 1; lastKnownFileType = text.xcconfig; name = "Pods-Instagram-Clone.release.xcconfig"; path = "Target Support Files/Pods-Instagram-Clone/Pods-Instagram-Clone.release.xcconfig"; sourceTree = "<group>"; };
		AD29CC412A28BF4BEC7EBCBC /* Pods_Instagram_Clone.framework */ = {isa = PBXFileReference; explicitFileType = wrapper.framework; includeInIndex = 0; path = Pods_Instagram_Clone.framework; sourceTree = BUILT_PRODUCTS_DIR; };
/* End PBXFileReference section */

/* Begin PBXFrameworksBuildPhase section */
		6A61314F280203F10048737B /* Frameworks */ = {
			isa = PBXFrameworksBuildPhase;
			buildActionMask = 2147483647;
			files = (
				7EA84F1ED0E70598DFBD2661 /* Pods_Instagram_Clone.framework in Frameworks */,
			);
			runOnlyForDeploymentPostprocessing = 0;
		};
/* End PBXFrameworksBuildPhase section */

/* Begin PBXGroup section */
		6A613149280203F10048737B = {
			isa = PBXGroup;
			children = (
				6A613154280203F10048737B /* Instagram-Clone */,
				6A613153280203F10048737B /* Products */,
				86CA277C4F1B8C0387D628AB /* Pods */,
				90C1951BDD8CFD776B499D60 /* Frameworks */,
			);
			sourceTree = "<group>";
		};
		6A613153280203F10048737B /* Products */ = {
			isa = PBXGroup;
			children = (
				6A613152280203F10048737B /* Instagram-Clone.app */,
			);
			name = Products;
			sourceTree = "<group>";
		};
		6A613154280203F10048737B /* Instagram-Clone */ = {
			isa = PBXGroup;
			children = (
				6ABB82632802741F00A8BED6 /* Source */,
				6ABB82642802743900A8BED6 /* Resource */,
			);
			path = "Instagram-Clone";
			sourceTree = "<group>";
		};
		6A8B889128255641008A285D /* Model */ = {
			isa = PBXGroup;
			children = (
				6A8B889228255680008A285D /* StoryDataModel.swift */,
				6A8B88942825568D008A285D /* FeedDataModel.swift */,
			);
			path = Model;
			sourceTree = "<group>";
		};
		6A8B889628257F7B008A285D /* Cells */ = {
			isa = PBXGroup;
			children = (
				6A8B888528255423008A285D /* StoriesTVC.xib */,
				6A8B888928255438008A285D /* StoryCVC.xib */,
				6A8B888D2825544C008A285D /* FeedTVC.xib */,
			);
			path = Cells;
			sourceTree = "<group>";
		};
		6A91FA242812EA5000899FDE /* TabBar */ = {
			isa = PBXGroup;
			children = (
				6A91FA252812EA6300899FDE /* TabBar.storyboard */,
			);
			path = TabBar;
			sourceTree = "<group>";
		};
		6A91FA272812EA7C00899FDE /* Tabbar */ = {
			isa = PBXGroup;
			children = (
				6A91FA282812EAB600899FDE /* TabBarController.swift */,
			);
			path = Tabbar;
			sourceTree = "<group>";
		};
		6AA446312812ECF700ED9924 /* HomeScene */ = {
			isa = PBXGroup;
			children = (
				6AF9CC1C2825411700F30F02 /* Components */,
				6AA4463F2812ED9600ED9924 /* HomeViewController.swift */,
				6AF9CC1528253F7D00F30F02 /* Cells */,
			);
			path = HomeScene;
			sourceTree = "<group>";
		};
		6AA446322812ED0100ED9924 /* SearchScene */ = {
			isa = PBXGroup;
			children = (
				6AA4463D2812ED8A00ED9924 /* SearchViewController.swift */,
			);
			path = SearchScene;
			sourceTree = "<group>";
		};
		6AA446332812ED0E00ED9924 /* ReelsScene */ = {
			isa = PBXGroup;
			children = (
				6AA4463A2812ED7500ED9924 /* ReelsViewController.swift */,
			);
			path = ReelsScene;
			sourceTree = "<group>";
		};
		6AA446342812ED1C00ED9924 /* ShopScene */ = {
			isa = PBXGroup;
			children = (
				6AA446382812ED6A00ED9924 /* ShopViewController.swift */,
			);
			path = ShopScene;
			sourceTree = "<group>";
		};
		6AA446352812ED2500ED9924 /* ProfileScene */ = {
			isa = PBXGroup;
			children = (
				6AA446362812ED5C00ED9924 /* ProfileViewController.swift */,
			);
			path = ProfileScene;
			sourceTree = "<group>";
		};
		6AA446412812ED9D00ED9924 /* HomeScene */ = {
			isa = PBXGroup;
			children = (
				6A8B889628257F7B008A285D /* Cells */,
				6AA446462812EDD300ED9924 /* Home.storyboard */,
			);
			path = HomeScene;
			sourceTree = "<group>";
		};
		6AA446422812EDAE00ED9924 /* SearchScene */ = {
			isa = PBXGroup;
			children = (
				6AA446492812EDE700ED9924 /* Search.storyboard */,
			);
			path = SearchScene;
			sourceTree = "<group>";
		};
		6AA446432812EDB400ED9924 /* ReelsScene */ = {
			isa = PBXGroup;
			children = (
				6AA4464B2812EDF200ED9924 /* Reels.storyboard */,
			);
			path = ReelsScene;
			sourceTree = "<group>";
		};
		6AA446442812EDBC00ED9924 /* ShopScene */ = {
			isa = PBXGroup;
			children = (
				6AA4464D2812EDFC00ED9924 /* Shop.storyboard */,
			);
			path = ShopScene;
			sourceTree = "<group>";
		};
		6AA446452812EDC400ED9924 /* ProfileScene */ = {
			isa = PBXGroup;
			children = (
				6AA4464F2812EE0700ED9924 /* Profile.storyboard */,
			);
			path = ProfileScene;
			sourceTree = "<group>";
		};
		6ABB82632802741F00A8BED6 /* Source */ = {
			isa = PBXGroup;
			children = (
				6A8B889128255641008A285D /* Model */,
				6ABB8268280274A500A8BED6 /* Support */,
				6ABB82672802749600A8BED6 /* Extension */,
				6ABB82692802751500A8BED6 /* Views */,
			);
			path = Source;
			sourceTree = "<group>";
		};
		6ABB82642802743900A8BED6 /* Resource */ = {
			isa = PBXGroup;
			children = (
				6ABB826E280275CC00A8BED6 /* Storyboards */,
				6A61315E280203F50048737B /* Assets.xcassets */,
			);
			path = Resource;
			sourceTree = "<group>";
		};
		6ABB82672802749600A8BED6 /* Extension */ = {
			isa = PBXGroup;
			children = (
				6ABB8271280279CE00A8BED6 /* UIView++.swift */,
				6ABB827328027A2500A8BED6 /* UITextField++.swift */,
				6ABB827728027C0F00A8BED6 /* UIScreen++.swift */,
				6A91FA222812CC7500899FDE /* UIColor++.swift */,
			);
			path = Extension;
			sourceTree = "<group>";
		};
		6ABB8268280274A500A8BED6 /* Support */ = {
			isa = PBXGroup;
			children = (
				6A613163280203F50048737B /* Info.plist */,
				6A613155280203F10048737B /* AppDelegate.swift */,
				6A613157280203F10048737B /* SceneDelegate.swift */,
			);
			path = Support;
			sourceTree = "<group>";
		};
		6ABB82692802751500A8BED6 /* Views */ = {
			isa = PBXGroup;
			children = (
				6ABB826B2802754800A8BED6 /* VCs */,
			);
			path = Views;
			sourceTree = "<group>";
		};
		6ABB826B2802754800A8BED6 /* VCs */ = {
			isa = PBXGroup;
			children = (
				6AA446312812ECF700ED9924 /* HomeScene */,
				6AA446352812ED2500ED9924 /* ProfileScene */,
				6AA446342812ED1C00ED9924 /* ShopScene */,
				6AA446332812ED0E00ED9924 /* ReelsScene */,
				6AA446322812ED0100ED9924 /* SearchScene */,
				6A91FA272812EA7C00899FDE /* Tabbar */,
				6ABB827D28027FAE00A8BED6 /* AuthScene */,
			);
			path = VCs;
			sourceTree = "<group>";
		};
		6ABB826C2802755E00A8BED6 /* Components */ = {
			isa = PBXGroup;
			children = (
				6ABB827E2802895A00A8BED6 /* AuthTextField.swift */,
				6ABB828028028F8A00A8BED6 /* AuthButton.swift */,
				6AA46112280304F600C3DE9D /* NavigationBarView.swift */,
			);
			path = Components;
			sourceTree = "<group>";
		};
		6ABB826E280275CC00A8BED6 /* Storyboards */ = {
			isa = PBXGroup;
			children = (
				6AA446452812EDC400ED9924 /* ProfileScene */,
				6AA446442812EDBC00ED9924 /* ShopScene */,
				6AA446432812EDB400ED9924 /* ReelsScene */,
				6AA446422812EDAE00ED9924 /* SearchScene */,
				6AA446412812ED9D00ED9924 /* HomeScene */,
				6A91FA242812EA5000899FDE /* TabBar */,
				6ABB82702802760700A8BED6 /* AuthScene */,
				6ABB826F280275FE00A8BED6 /* LaunchScene */,
			);
			path = Storyboards;
			sourceTree = "<group>";
		};
		6ABB826F280275FE00A8BED6 /* LaunchScene */ = {
			isa = PBXGroup;
			children = (
				6A613160280203F50048737B /* LaunchScreen.storyboard */,
			);
			path = LaunchScene;
			sourceTree = "<group>";
		};
		6ABB82702802760700A8BED6 /* AuthScene */ = {
			isa = PBXGroup;
			children = (
				6ABB827928027F8D00A8BED6 /* Login.storyboard */,
				6AA461142803077C00C3DE9D /* RegisterName.storyboard */,
				6AB6A57B28031D86001BD758 /* Welcome.storyboard */,
				6AB6A57F28031F62001BD758 /* RegisterPassword.storyboard */,
			);
			path = AuthScene;
			sourceTree = "<group>";
		};
		6ABB827D28027FAE00A8BED6 /* AuthScene */ = {
			isa = PBXGroup;
			children = (
				6ABB826C2802755E00A8BED6 /* Components */,
				6ABB827B28027FA900A8BED6 /* LoginViewController.swift */,
				6AA461162803079600C3DE9D /* RegisterNameViewController.swift */,
				6A8E53DC280318980065DF93 /* RegisterPasswordViewController.swift */,
				6AB6A57D28031D96001BD758 /* WelcomeViewController.swift */,
			);
			path = AuthScene;
			sourceTree = "<group>";
		};
		6AF9CC1528253F7D00F30F02 /* Cells */ = {
			isa = PBXGroup;
			children = (
				6A8B888428255423008A285D /* StoriesTVC.swift */,
				6A8B888828255438008A285D /* StoryCVC.swift */,
				6A8B888C2825544C008A285D /* FeedTVC.swift */,
			);
			path = Cells;
			sourceTree = "<group>";
		};
		6AF9CC1C2825411700F30F02 /* Components */ = {
			isa = PBXGroup;
			children = (
				6AF9CC1D282542D100F30F02 /* HeaderBarView.swift */,
			);
			path = Components;
			sourceTree = "<group>";
		};
		86CA277C4F1B8C0387D628AB /* Pods */ = {
			isa = PBXGroup;
			children = (
				2540CEFF419B7D5050984CEC /* Pods-Instagram-Clone.debug.xcconfig */,
				936350992BED07CE91C487AF /* Pods-Instagram-Clone.release.xcconfig */,
			);
			path = Pods;
			sourceTree = "<group>";
		};
		90C1951BDD8CFD776B499D60 /* Frameworks */ = {
			isa = PBXGroup;
			children = (
				AD29CC412A28BF4BEC7EBCBC /* Pods_Instagram_Clone.framework */,
			);
			name = Frameworks;
			sourceTree = "<group>";
		};
/* End PBXGroup section */

/* Begin PBXNativeTarget section */
		6A613151280203F10048737B /* Instagram-Clone */ = {
			isa = PBXNativeTarget;
			buildConfigurationList = 6A613166280203F50048737B /* Build configuration list for PBXNativeTarget "Instagram-Clone" */;
			buildPhases = (
				7591F07917EFB7367C8AC0E5 /* [CP] Check Pods Manifest.lock */,
				6A61314E280203F10048737B /* Sources */,
				6A61314F280203F10048737B /* Frameworks */,
				6A613150280203F10048737B /* Resources */,
				8EAB5BB747C86F59507A1320 /* [CP] Embed Pods Frameworks */,
			);
			buildRules = (
			);
			dependencies = (
			);
			name = "Instagram-Clone";
			productName = "Instagram-Clone";
			productReference = 6A613152280203F10048737B /* Instagram-Clone.app */;
			productType = "com.apple.product-type.application";
		};
/* End PBXNativeTarget section */

/* Begin PBXProject section */
		6A61314A280203F10048737B /* Project object */ = {
			isa = PBXProject;
			attributes = {
				BuildIndependentTargetsInParallel = 1;
				LastSwiftUpdateCheck = 1320;
				LastUpgradeCheck = 1320;
				TargetAttributes = {
					6A613151280203F10048737B = {
						CreatedOnToolsVersion = 13.2.1;
					};
				};
			};
			buildConfigurationList = 6A61314D280203F10048737B /* Build configuration list for PBXProject "Instagram-Clone" */;
			compatibilityVersion = "Xcode 13.0";
			developmentRegion = en;
			hasScannedForEncodings = 0;
			knownRegions = (
				en,
				Base,
			);
			mainGroup = 6A613149280203F10048737B;
			productRefGroup = 6A613153280203F10048737B /* Products */;
			projectDirPath = "";
			projectRoot = "";
			targets = (
				6A613151280203F10048737B /* Instagram-Clone */,
			);
		};
/* End PBXProject section */

/* Begin PBXResourcesBuildPhase section */
		6A613150280203F10048737B /* Resources */ = {
			isa = PBXResourcesBuildPhase;
			buildActionMask = 2147483647;
			files = (
				6AA4464C2812EDF200ED9924 /* Reels.storyboard in Resources */,
				6A8B888B28255438008A285D /* StoryCVC.xib in Resources */,
				6AA461152803077C00C3DE9D /* RegisterName.storyboard in Resources */,
				6A8B888728255423008A285D /* StoriesTVC.xib in Resources */,
				6AB6A58028031F62001BD758 /* RegisterPassword.storyboard in Resources */,
				6A613162280203F50048737B /* LaunchScreen.storyboard in Resources */,
				6A8B888F2825544C008A285D /* FeedTVC.xib in Resources */,
				6A61315F280203F50048737B /* Assets.xcassets in Resources */,
				6AA4464E2812EDFC00ED9924 /* Shop.storyboard in Resources */,
				6AA446502812EE0700ED9924 /* Profile.storyboard in Resources */,
				6AA4464A2812EDE700ED9924 /* Search.storyboard in Resources */,
				6ABB827A28027F8D00A8BED6 /* Login.storyboard in Resources */,
				6A91FA262812EA6300899FDE /* TabBar.storyboard in Resources */,
				6AB6A57C28031D86001BD758 /* Welcome.storyboard in Resources */,
				6AA446472812EDD300ED9924 /* Home.storyboard in Resources */,
			);
			runOnlyForDeploymentPostprocessing = 0;
		};
/* End PBXResourcesBuildPhase section */

/* Begin PBXShellScriptBuildPhase section */
		7591F07917EFB7367C8AC0E5 /* [CP] Check Pods Manifest.lock */ = {
			isa = PBXShellScriptBuildPhase;
			buildActionMask = 2147483647;
			files = (
			);
			inputFileListPaths = (
			);
			inputPaths = (
				"${PODS_PODFILE_DIR_PATH}/Podfile.lock",
				"${PODS_ROOT}/Manifest.lock",
			);
			name = "[CP] Check Pods Manifest.lock";
			outputFileListPaths = (
			);
			outputPaths = (
				"$(DERIVED_FILE_DIR)/Pods-Instagram-Clone-checkManifestLockResult.txt",
			);
			runOnlyForDeploymentPostprocessing = 0;
			shellPath = /bin/sh;
			shellScript = "diff \"${PODS_PODFILE_DIR_PATH}/Podfile.lock\" \"${PODS_ROOT}/Manifest.lock\" > /dev/null\nif [ $? != 0 ] ; then\n    # print error to STDERR\n    echo \"error: The sandbox is not in sync with the Podfile.lock. Run 'pod install' or update your CocoaPods installation.\" >&2\n    exit 1\nfi\n# This output is used by Xcode 'outputs' to avoid re-running this script phase.\necho \"SUCCESS\" > \"${SCRIPT_OUTPUT_FILE_0}\"\n";
			showEnvVarsInLog = 0;
		};
		8EAB5BB747C86F59507A1320 /* [CP] Embed Pods Frameworks */ = {
			isa = PBXShellScriptBuildPhase;
			buildActionMask = 2147483647;
			files = (
			);
			inputFileListPaths = (
				"${PODS_ROOT}/Target Support Files/Pods-Instagram-Clone/Pods-Instagram-Clone-frameworks-${CONFIGURATION}-input-files.xcfilelist",
			);
			name = "[CP] Embed Pods Frameworks";
			outputFileListPaths = (
				"${PODS_ROOT}/Target Support Files/Pods-Instagram-Clone/Pods-Instagram-Clone-frameworks-${CONFIGURATION}-output-files.xcfilelist",
			);
			runOnlyForDeploymentPostprocessing = 0;
			shellPath = /bin/sh;
			shellScript = "\"${PODS_ROOT}/Target Support Files/Pods-Instagram-Clone/Pods-Instagram-Clone-frameworks.sh\"\n";
			showEnvVarsInLog = 0;
		};
/* End PBXShellScriptBuildPhase section */

/* Begin PBXSourcesBuildPhase section */
		6A61314E280203F10048737B /* Sources */ = {
			isa = PBXSourcesBuildPhase;
			buildActionMask = 2147483647;
			files = (
				6ABB827C28027FA900A8BED6 /* LoginViewController.swift in Sources */,
				6A8E53DD280318980065DF93 /* RegisterPasswordViewController.swift in Sources */,
				6AA446402812ED9600ED9924 /* HomeViewController.swift in Sources */,
				6ABB828128028F8A00A8BED6 /* AuthButton.swift in Sources */,
				6ABB8272280279CE00A8BED6 /* UIView++.swift in Sources */,
				6ABB827F2802895A00A8BED6 /* AuthTextField.swift in Sources */,
				6AA461172803079600C3DE9D /* RegisterNameViewController.swift in Sources */,
				6AF9CC1E282542D100F30F02 /* HeaderBarView.swift in Sources */,
				6ABB827828027C0F00A8BED6 /* UIScreen++.swift in Sources */,
				6ABB827428027A2500A8BED6 /* UITextField++.swift in Sources */,
				6A613156280203F10048737B /* AppDelegate.swift in Sources */,
				6A8B889328255680008A285D /* StoryDataModel.swift in Sources */,
				6A8B888E2825544C008A285D /* FeedTVC.swift in Sources */,
				6A91FA232812CC7600899FDE /* UIColor++.swift in Sources */,
				6AB6A57E28031D96001BD758 /* WelcomeViewController.swift in Sources */,
				6A91FA292812EAB600899FDE /* TabBarController.swift in Sources */,
				6AA4463E2812ED8A00ED9924 /* SearchViewController.swift in Sources */,
				6AA446392812ED6A00ED9924 /* ShopViewController.swift in Sources */,
				6A8B888628255423008A285D /* StoriesTVC.swift in Sources */,
				6AA4463B2812ED7500ED9924 /* ReelsViewController.swift in Sources */,
				6AA446372812ED5C00ED9924 /* ProfileViewController.swift in Sources */,
				6A8B888A28255438008A285D /* StoryCVC.swift in Sources */,
				6A613158280203F10048737B /* SceneDelegate.swift in Sources */,
				6AA46113280304F600C3DE9D /* NavigationBarView.swift in Sources */,
				6A8B88952825568D008A285D /* FeedDataModel.swift in Sources */,
			);
			runOnlyForDeploymentPostprocessing = 0;
		};
/* End PBXSourcesBuildPhase section */

/* Begin PBXVariantGroup section */
		6A613160280203F50048737B /* LaunchScreen.storyboard */ = {
			isa = PBXVariantGroup;
			children = (
				6A613161280203F50048737B /* Base */,
			);
			name = LaunchScreen.storyboard;
			sourceTree = "<group>";
		};
/* End PBXVariantGroup section */

/* Begin XCBuildConfiguration section */
		6A613164280203F50048737B /* Debug */ = {
			isa = XCBuildConfiguration;
			buildSettings = {
				ALWAYS_SEARCH_USER_PATHS = NO;
				CLANG_ANALYZER_NONNULL = YES;
				CLANG_ANALYZER_NUMBER_OBJECT_CONVERSION = YES_AGGRESSIVE;
				CLANG_CXX_LANGUAGE_STANDARD = "gnu++17";
				CLANG_CXX_LIBRARY = "libc++";
				CLANG_ENABLE_MODULES = YES;
				CLANG_ENABLE_OBJC_ARC = YES;
				CLANG_ENABLE_OBJC_WEAK = YES;
				CLANG_WARN_BLOCK_CAPTURE_AUTORELEASING = YES;
				CLANG_WARN_BOOL_CONVERSION = YES;
				CLANG_WARN_COMMA = YES;
				CLANG_WARN_CONSTANT_CONVERSION = YES;
				CLANG_WARN_DEPRECATED_OBJC_IMPLEMENTATIONS = YES;
				CLANG_WARN_DIRECT_OBJC_ISA_USAGE = YES_ERROR;
				CLANG_WARN_DOCUMENTATION_COMMENTS = YES;
				CLANG_WARN_EMPTY_BODY = YES;
				CLANG_WARN_ENUM_CONVERSION = YES;
				CLANG_WARN_INFINITE_RECURSION = YES;
				CLANG_WARN_INT_CONVERSION = YES;
				CLANG_WARN_NON_LITERAL_NULL_CONVERSION = YES;
				CLANG_WARN_OBJC_IMPLICIT_RETAIN_SELF = YES;
				CLANG_WARN_OBJC_LITERAL_CONVERSION = YES;
				CLANG_WARN_OBJC_ROOT_CLASS = YES_ERROR;
				CLANG_WARN_QUOTED_INCLUDE_IN_FRAMEWORK_HEADER = YES;
				CLANG_WARN_RANGE_LOOP_ANALYSIS = YES;
				CLANG_WARN_STRICT_PROTOTYPES = YES;
				CLANG_WARN_SUSPICIOUS_MOVE = YES;
				CLANG_WARN_UNGUARDED_AVAILABILITY = YES_AGGRESSIVE;
				CLANG_WARN_UNREACHABLE_CODE = YES;
				CLANG_WARN__DUPLICATE_METHOD_MATCH = YES;
				COPY_PHASE_STRIP = NO;
				DEBUG_INFORMATION_FORMAT = dwarf;
				ENABLE_STRICT_OBJC_MSGSEND = YES;
				ENABLE_TESTABILITY = YES;
				GCC_C_LANGUAGE_STANDARD = gnu11;
				GCC_DYNAMIC_NO_PIC = NO;
				GCC_NO_COMMON_BLOCKS = YES;
				GCC_OPTIMIZATION_LEVEL = 0;
				GCC_PREPROCESSOR_DEFINITIONS = (
					"DEBUG=1",
					"$(inherited)",
				);
				GCC_WARN_64_TO_32_BIT_CONVERSION = YES;
				GCC_WARN_ABOUT_RETURN_TYPE = YES_ERROR;
				GCC_WARN_UNDECLARED_SELECTOR = YES;
				GCC_WARN_UNINITIALIZED_AUTOS = YES_AGGRESSIVE;
				GCC_WARN_UNUSED_FUNCTION = YES;
				GCC_WARN_UNUSED_VARIABLE = YES;
				IPHONEOS_DEPLOYMENT_TARGET = 15.2;
				MTL_ENABLE_DEBUG_INFO = INCLUDE_SOURCE;
				MTL_FAST_MATH = YES;
				ONLY_ACTIVE_ARCH = YES;
				SDKROOT = iphoneos;
				SWIFT_ACTIVE_COMPILATION_CONDITIONS = DEBUG;
				SWIFT_OPTIMIZATION_LEVEL = "-Onone";
			};
			name = Debug;
		};
		6A613165280203F50048737B /* Release */ = {
			isa = XCBuildConfiguration;
			buildSettings = {
				ALWAYS_SEARCH_USER_PATHS = NO;
				CLANG_ANALYZER_NONNULL = YES;
				CLANG_ANALYZER_NUMBER_OBJECT_CONVERSION = YES_AGGRESSIVE;
				CLANG_CXX_LANGUAGE_STANDARD = "gnu++17";
				CLANG_CXX_LIBRARY = "libc++";
				CLANG_ENABLE_MODULES = YES;
				CLANG_ENABLE_OBJC_ARC = YES;
				CLANG_ENABLE_OBJC_WEAK = YES;
				CLANG_WARN_BLOCK_CAPTURE_AUTORELEASING = YES;
				CLANG_WARN_BOOL_CONVERSION = YES;
				CLANG_WARN_COMMA = YES;
				CLANG_WARN_CONSTANT_CONVERSION = YES;
				CLANG_WARN_DEPRECATED_OBJC_IMPLEMENTATIONS = YES;
				CLANG_WARN_DIRECT_OBJC_ISA_USAGE = YES_ERROR;
				CLANG_WARN_DOCUMENTATION_COMMENTS = YES;
				CLANG_WARN_EMPTY_BODY = YES;
				CLANG_WARN_ENUM_CONVERSION = YES;
				CLANG_WARN_INFINITE_RECURSION = YES;
				CLANG_WARN_INT_CONVERSION = YES;
				CLANG_WARN_NON_LITERAL_NULL_CONVERSION = YES;
				CLANG_WARN_OBJC_IMPLICIT_RETAIN_SELF = YES;
				CLANG_WARN_OBJC_LITERAL_CONVERSION = YES;
				CLANG_WARN_OBJC_ROOT_CLASS = YES_ERROR;
				CLANG_WARN_QUOTED_INCLUDE_IN_FRAMEWORK_HEADER = YES;
				CLANG_WARN_RANGE_LOOP_ANALYSIS = YES;
				CLANG_WARN_STRICT_PROTOTYPES = YES;
				CLANG_WARN_SUSPICIOUS_MOVE = YES;
				CLANG_WARN_UNGUARDED_AVAILABILITY = YES_AGGRESSIVE;
				CLANG_WARN_UNREACHABLE_CODE = YES;
				CLANG_WARN__DUPLICATE_METHOD_MATCH = YES;
				COPY_PHASE_STRIP = NO;
				DEBUG_INFORMATION_FORMAT = "dwarf-with-dsym";
				ENABLE_NS_ASSERTIONS = NO;
				ENABLE_STRICT_OBJC_MSGSEND = YES;
				GCC_C_LANGUAGE_STANDARD = gnu11;
				GCC_NO_COMMON_BLOCKS = YES;
				GCC_WARN_64_TO_32_BIT_CONVERSION = YES;
				GCC_WARN_ABOUT_RETURN_TYPE = YES_ERROR;
				GCC_WARN_UNDECLARED_SELECTOR = YES;
				GCC_WARN_UNINITIALIZED_AUTOS = YES_AGGRESSIVE;
				GCC_WARN_UNUSED_FUNCTION = YES;
				GCC_WARN_UNUSED_VARIABLE = YES;
				IPHONEOS_DEPLOYMENT_TARGET = 15.2;
				MTL_ENABLE_DEBUG_INFO = NO;
				MTL_FAST_MATH = YES;
				SDKROOT = iphoneos;
				SWIFT_COMPILATION_MODE = wholemodule;
				SWIFT_OPTIMIZATION_LEVEL = "-O";
				VALIDATE_PRODUCT = YES;
			};
			name = Release;
		};
		6A613167280203F50048737B /* Debug */ = {
			isa = XCBuildConfiguration;
			baseConfigurationReference = 2540CEFF419B7D5050984CEC /* Pods-Instagram-Clone.debug.xcconfig */;
			buildSettings = {
				ASSETCATALOG_COMPILER_APPICON_NAME = AppIcon;
				ASSETCATALOG_COMPILER_GLOBAL_ACCENT_COLOR_NAME = AccentColor;
				CODE_SIGN_STYLE = Automatic;
				CURRENT_PROJECT_VERSION = 1;
				DEVELOPMENT_TEAM = 3H85AXMVD3;
				GENERATE_INFOPLIST_FILE = YES;
				INFOPLIST_FILE = "Instagram-Clone/Source/Support/Info.plist";
				INFOPLIST_KEY_UIApplicationSupportsIndirectInputEvents = YES;
				INFOPLIST_KEY_UILaunchStoryboardName = LaunchScreen;
				INFOPLIST_KEY_UIMainStoryboardFile = Login;
				INFOPLIST_KEY_UISupportedInterfaceOrientations_iPad = "UIInterfaceOrientationPortrait UIInterfaceOrientationPortraitUpsideDown UIInterfaceOrientationLandscapeLeft UIInterfaceOrientationLandscapeRight";
				INFOPLIST_KEY_UISupportedInterfaceOrientations_iPhone = "UIInterfaceOrientationPortrait UIInterfaceOrientationLandscapeLeft UIInterfaceOrientationLandscapeRight";
				LD_RUNPATH_SEARCH_PATHS = (
					"$(inherited)",
					"@executable_path/Frameworks",
				);
				MARKETING_VERSION = 1.0;
				PRODUCT_BUNDLE_IDENTIFIER = "org.yujin.Instagram-Clone";
				PRODUCT_NAME = "$(TARGET_NAME)";
				SWIFT_EMIT_LOC_STRINGS = YES;
				SWIFT_VERSION = 5.0;
				TARGETED_DEVICE_FAMILY = "1,2";
			};
			name = Debug;
		};
		6A613168280203F50048737B /* Release */ = {
			isa = XCBuildConfiguration;
			baseConfigurationReference = 936350992BED07CE91C487AF /* Pods-Instagram-Clone.release.xcconfig */;
			buildSettings = {
				ASSETCATALOG_COMPILER_APPICON_NAME = AppIcon;
				ASSETCATALOG_COMPILER_GLOBAL_ACCENT_COLOR_NAME = AccentColor;
				CODE_SIGN_STYLE = Automatic;
				CURRENT_PROJECT_VERSION = 1;
				DEVELOPMENT_TEAM = 3H85AXMVD3;
				GENERATE_INFOPLIST_FILE = YES;
				INFOPLIST_FILE = "Instagram-Clone/Source/Support/Info.plist";
				INFOPLIST_KEY_UIApplicationSupportsIndirectInputEvents = YES;
				INFOPLIST_KEY_UILaunchStoryboardName = LaunchScreen;
				INFOPLIST_KEY_UIMainStoryboardFile = Login;
				INFOPLIST_KEY_UISupportedInterfaceOrientations_iPad = "UIInterfaceOrientationPortrait UIInterfaceOrientationPortraitUpsideDown UIInterfaceOrientationLandscapeLeft UIInterfaceOrientationLandscapeRight";
				INFOPLIST_KEY_UISupportedInterfaceOrientations_iPhone = "UIInterfaceOrientationPortrait UIInterfaceOrientationLandscapeLeft UIInterfaceOrientationLandscapeRight";
				LD_RUNPATH_SEARCH_PATHS = (
					"$(inherited)",
					"@executable_path/Frameworks",
				);
				MARKETING_VERSION = 1.0;
				PRODUCT_BUNDLE_IDENTIFIER = "org.yujin.Instagram-Clone";
				PRODUCT_NAME = "$(TARGET_NAME)";
				SWIFT_EMIT_LOC_STRINGS = YES;
				SWIFT_VERSION = 5.0;
				TARGETED_DEVICE_FAMILY = "1,2";
			};
			name = Release;
		};
/* End XCBuildConfiguration section */

/* Begin XCConfigurationList section */
		6A61314D280203F10048737B /* Build configuration list for PBXProject "Instagram-Clone" */ = {
			isa = XCConfigurationList;
			buildConfigurations = (
				6A613164280203F50048737B /* Debug */,
				6A613165280203F50048737B /* Release */,
			);
			defaultConfigurationIsVisible = 0;
			defaultConfigurationName = Release;
		};
		6A613166280203F50048737B /* Build configuration list for PBXNativeTarget "Instagram-Clone" */ = {
			isa = XCConfigurationList;
			buildConfigurations = (
				6A613167280203F50048737B /* Debug */,
				6A613168280203F50048737B /* Release */,
			);
			defaultConfigurationIsVisible = 0;
			defaultConfigurationName = Release;
		};
/* End XCConfigurationList section */
	};
	rootObject = 6A61314A280203F10048737B /* Project object */;
}
